
Microsoft Visual Studio Solution File, Format Version 12.00
# Visual Studio Version 17
VisualStudioVersion = 17.13.35931.197 d17.13
MinimumVisualStudioVersion = 10.0.40219.1
Project("{FAE04EC0-301F-11D3-BF4B-00C04F79EFBC}") = "G.O.C 14.1", "G.O.C 14.1\G.O.C 14.1.csproj", "{C30356BA-D1E6-41D9-89A7-DF342442847E}"
EndProject
Global
	GlobalSection(SolutionConfigurationPlatforms) = preSolution
		Debug|Any CPU = Debug|Any CPU
		Release|Any CPU = Release|Any CPU
	EndGlobalSection
	GlobalSection(ProjectConfigurationPlatforms) = postSolution
		{C30356BA-D1E6-41D9-89A7-DF342442847E}.Debug|Any CPU.ActiveCfg = Debug|Any CPU
		{C30356BA-D1E6-41D9-89A7-DF342442847E}.Debug|Any CPU.Build.0 = Debug|Any CPU
		{C30356BA-D1E6-41D9-89A7-DF342442847E}.Release|Any CPU.ActiveCfg = Release|Any CPU
		{C30356BA-D1E6-41D9-89A7-DF342442847E}.Release|Any CPU.Build.0 = Release|Any CPU
	EndGlobalSection
	GlobalSection(SolutionProperties) = preSolution
		HideSolutionNode = FALSE
	EndGlobalSection
	GlobalSection(ExtensibilityGlobals) = postSolution
		SolutionGuid = {91761B2E-6A40-4B15-8906-6218953E0725}
	EndGlobalSection
EndGlobal
